
Microsoft Visual Studio Solution File, Format Version 12.00
# Visual Studio Version 17
VisualStudioVersion = 17.14.36109.1 d17.14
MinimumVisualStudioVersion = 10.0.40219.1
Project("{FAE04EC0-301F-11D3-BF4B-00C04F79EFBC}") = "LabWork4ISPRO", "LabWork4ISPRO\LabWork4ISPRO.csproj", "{8A88B710-DB63-489B-B9B5-B52EA7537155}"
EndProject
Global
	GlobalSection(SolutionConfigurationPlatforms) = preSolution
		Debug|Any CPU = Debug|Any CPU
		Release|Any CPU = Release|Any CPU
	EndGlobalSection
	GlobalSection(ProjectConfigurationPlatforms) = postSolution
		{8A88B710-DB63-489B-B9B5-B52EA7537155}.Debug|Any CPU.ActiveCfg = Debug|Any CPU
		{8A88B710-DB63-489B-B9B5-B52EA7537155}.Debug|Any CPU.Build.0 = Debug|Any CPU
		{8A88B710-DB63-489B-B9B5-B52EA7537155}.Release|Any CPU.ActiveCfg = Release|Any CPU
		{8A88B710-DB63-489B-B9B5-B52EA7537155}.Release|Any CPU.Build.0 = Release|Any CPU
	EndGlobalSection
	GlobalSection(SolutionProperties) = preSolution
		HideSolutionNode = FALSE
	EndGlobalSection
	GlobalSection(ExtensibilityGlobals) = postSolution
		SolutionGuid = {5E682E74-BEBE-454C-A70E-CB933EC7ABBB}
	EndGlobalSection
EndGlobal
